
Microsoft Visual Studio Solution File, Format Version 12.00
# Visual Studio Version 17
VisualStudioVersion = 17.11.35312.102
MinimumVisualStudioVersion = 10.0.40219.1
Project("{FAE04EC0-301F-11D3-BF4B-00C04F79EFBC}") = "JobSyncProvider", "JobSyncProvider\JobSyncProvider.csproj", "{E750B924-39A2-453E-A3C0-83D95D9A69FC}"
EndProject
Global
	GlobalSection(SolutionConfigurationPlatforms) = preSolution
		Debug|Any CPU = Debug|Any CPU
		Release|Any CPU = Release|Any CPU
	EndGlobalSection
	GlobalSection(ProjectConfigurationPlatforms) = postSolution
		{E750B924-39A2-453E-A3C0-83D95D9A69FC}.Debug|Any CPU.ActiveCfg = Debug|Any CPU
		{E750B924-39A2-453E-A3C0-83D95D9A69FC}.Debug|Any CPU.Build.0 = Debug|Any CPU
		{E750B924-39A2-453E-A3C0-83D95D9A69FC}.Release|Any CPU.ActiveCfg = Release|Any CPU
		{E750B924-39A2-453E-A3C0-83D95D9A69FC}.Release|Any CPU.Build.0 = Release|Any CPU
	EndGlobalSection
	GlobalSection(SolutionProperties) = preSolution
		HideSolutionNode = FALSE
	EndGlobalSection
	GlobalSection(ExtensibilityGlobals) = postSolution
		SolutionGuid = {AE070194-9AC0-4CBF-876C-1E4F081E44AF}
	EndGlobalSection
EndGlobal
